
Microsoft Visual Studio Solution File, Format Version 12.00
# Visual Studio 15
VisualStudioVersion = 15.0.27130.2010
MinimumVisualStudioVersion = 10.0.40219.1
Project("{2150E333-8FDC-42A3-9474-1A3956D46DE8}") = "Engine", "Engine", "{C4591850-1782-4CAA-BCF0-EE6C83DADA0F}"
EndProject
Project("{2150E333-8FDC-42A3-9474-1A3956D46DE8}") = "Games", "Games", "{26B4E6E4-1DE6-4E70-9213-DBDB2D4CCE3A}"
EndProject
Project("{8BC9CEB8-8B4A-11D0-8D11-00A0C91BC942}") = "UE4", "Intermediate\ProjectFiles\UE4.vcxproj", "{44E4C832-CB92-4772-A297-D5FFEB66488C}"
EndProject
Project("{8BC9CEB8-8B4A-11D0-8D11-00A0C91BC942}") = "AndroidGame", "Intermediate\ProjectFiles\AndroidGame.vcxproj", "{425168EF-A2B5-4580-9C9C-000396D21E2E}"
EndProject
Global
	GlobalSection(SolutionConfigurationPlatforms) = preSolution
		DebugGame Editor|Android = DebugGame Editor|Android
		DebugGame Editor|HTML5 = DebugGame Editor|HTML5
		DebugGame Editor|Win32 = DebugGame Editor|Win32
		DebugGame Editor|Win64 = DebugGame Editor|Win64
		DebugGame|Android = DebugGame|Android
		DebugGame|HTML5 = DebugGame|HTML5
		DebugGame|Win32 = DebugGame|Win32
		DebugGame|Win64 = DebugGame|Win64
		Development Editor|Android = Development Editor|Android
		Development Editor|HTML5 = Development Editor|HTML5
		Development Editor|Win32 = Development Editor|Win32
		Development Editor|Win64 = Development Editor|Win64
		Development|Android = Development|Android
		Development|HTML5 = Development|HTML5
		Development|Win32 = Development|Win32
		Development|Win64 = Development|Win64
		Shipping|Android = Shipping|Android
		Shipping|HTML5 = Shipping|HTML5
		Shipping|Win32 = Shipping|Win32
		Shipping|Win64 = Shipping|Win64
	EndGlobalSection
	GlobalSection(ProjectConfigurationPlatforms) = postSolution
		{44E4C832-CB92-4772-A297-D5FFEB66488C}.DebugGame Editor|Android.ActiveCfg = BuiltWithUnrealBuildTool|Win32
		{44E4C832-CB92-4772-A297-D5FFEB66488C}.DebugGame Editor|Android.Build.0 = BuiltWithUnrealBuildTool|Win32
		{44E4C832-CB92-4772-A297-D5FFEB66488C}.DebugGame Editor|HTML5.ActiveCfg = BuiltWithUnrealBuildTool|Win32
		{44E4C832-CB92-4772-A297-D5FFEB66488C}.DebugGame Editor|HTML5.Build.0 = BuiltWithUnrealBuildTool|Win32
		{44E4C832-CB92-4772-A297-D5FFEB66488C}.DebugGame Editor|Win32.ActiveCfg = BuiltWithUnrealBuildTool|Win32
		{44E4C832-CB92-4772-A297-D5FFEB66488C}.DebugGame Editor|Win32.Build.0 = BuiltWithUnrealBuildTool|Win32
		{44E4C832-CB92-4772-A297-D5FFEB66488C}.DebugGame Editor|Win64.ActiveCfg = BuiltWithUnrealBuildTool|Win32
		{44E4C832-CB92-4772-A297-D5FFEB66488C}.DebugGame Editor|Win64.Build.0 = BuiltWithUnrealBuildTool|Win32
		{44E4C832-CB92-4772-A297-D5FFEB66488C}.DebugGame|Android.ActiveCfg = BuiltWithUnrealBuildTool|Win32
		{44E4C832-CB92-4772-A297-D5FFEB66488C}.DebugGame|Android.Build.0 = BuiltWithUnrealBuildTool|Win32
		{44E4C832-CB92-4772-A297-D5FFEB66488C}.DebugGame|HTML5.ActiveCfg = BuiltWithUnrealBuildTool|Win32
		{44E4C832-CB92-4772-A297-D5FFEB66488C}.DebugGame|HTML5.Build.0 = BuiltWithUnrealBuildTool|Win32
		{44E4C832-CB92-4772-A297-D5FFEB66488C}.DebugGame|Win32.ActiveCfg = BuiltWithUnrealBuildTool|Win32
		{44E4C832-CB92-4772-A297-D5FFEB66488C}.DebugGame|Win32.Build.0 = BuiltWithUnrealBuildTool|Win32
		{44E4C832-CB92-4772-A297-D5FFEB66488C}.DebugGame|Win64.ActiveCfg = BuiltWithUnrealBuildTool|Win32
		{44E4C832-CB92-4772-A297-D5FFEB66488C}.DebugGame|Win64.Build.0 = BuiltWithUnrealBuildTool|Win32
		{44E4C832-CB92-4772-A297-D5FFEB66488C}.Development Editor|Android.ActiveCfg = BuiltWithUnrealBuildTool|Win32
		{44E4C832-CB92-4772-A297-D5FFEB66488C}.Development Editor|Android.Build.0 = BuiltWithUnrealBuildTool|Win32
		{44E4C832-CB92-4772-A297-D5FFEB66488C}.Development Editor|HTML5.ActiveCfg = BuiltWithUnrealBuildTool|Win32
		{44E4C832-CB92-4772-A297-D5FFEB66488C}.Development Editor|HTML5.Build.0 = BuiltWithUnrealBuildTool|Win32
		{44E4C832-CB92-4772-A297-D5FFEB66488C}.Development Editor|Win32.ActiveCfg = BuiltWithUnrealBuildTool|Win32
		{44E4C832-CB92-4772-A297-D5FFEB66488C}.Development Editor|Win32.Build.0 = BuiltWithUnrealBuildTool|Win32
		{44E4C832-CB92-4772-A297-D5FFEB66488C}.Development Editor|Win64.ActiveCfg = BuiltWithUnrealBuildTool|Win32
		{44E4C832-CB92-4772-A297-D5FFEB66488C}.Development Editor|Win64.Build.0 = BuiltWithUnrealBuildTool|Win32
		{44E4C832-CB92-4772-A297-D5FFEB66488C}.Development|Android.ActiveCfg = BuiltWithUnrealBuildTool|Win32
		{44E4C832-CB92-4772-A297-D5FFEB66488C}.Development|Android.Build.0 = BuiltWithUnrealBuildTool|Win32
		{44E4C832-CB92-4772-A297-D5FFEB66488C}.Development|HTML5.ActiveCfg = BuiltWithUnrealBuildTool|Win32
		{44E4C832-CB92-4772-A297-D5FFEB66488C}.Development|HTML5.Build.0 = BuiltWithUnrealBuildTool|Win32
		{44E4C832-CB92-4772-A297-D5FFEB66488C}.Development|Win32.ActiveCfg = BuiltWithUnrealBuildTool|Win32
		{44E4C832-CB92-4772-A297-D5FFEB66488C}.Development|Win32.Build.0 = BuiltWithUnrealBuildTool|Win32
		{44E4C832-CB92-4772-A297-D5FFEB66488C}.Development|Win64.ActiveCfg = BuiltWithUnrealBuildTool|Win32
		{44E4C832-CB92-4772-A297-D5FFEB66488C}.Development|Win64.Build.0 = BuiltWithUnrealBuildTool|Win32
		{44E4C832-CB92-4772-A297-D5FFEB66488C}.Shipping|Android.ActiveCfg = BuiltWithUnrealBuildTool|Win32
		{44E4C832-CB92-4772-A297-D5FFEB66488C}.Shipping|Android.Build.0 = BuiltWithUnrealBuildTool|Win32
		{44E4C832-CB92-4772-A297-D5FFEB66488C}.Shipping|HTML5.ActiveCfg = BuiltWithUnrealBuildTool|Win32
		{44E4C832-CB92-4772-A297-D5FFEB66488C}.Shipping|HTML5.Build.0 = BuiltWithUnrealBuildTool|Win32
		{44E4C832-CB92-4772-A297-D5FFEB66488C}.Shipping|Win32.ActiveCfg = BuiltWithUnrealBuildTool|Win32
		{44E4C832-CB92-4772-A297-D5FFEB66488C}.Shipping|Win32.Build.0 = BuiltWithUnrealBuildTool|Win32
		{44E4C832-CB92-4772-A297-D5FFEB66488C}.Shipping|Win64.ActiveCfg = BuiltWithUnrealBuildTool|Win32
		{44E4C832-CB92-4772-A297-D5FFEB66488C}.Shipping|Win64.Build.0 = BuiltWithUnrealBuildTool|Win32
		{425168EF-A2B5-4580-9C9C-000396D21E2E}.DebugGame Editor|Android.ActiveCfg = Android_DebugGame_Editor|Win32
		{425168EF-A2B5-4580-9C9C-000396D21E2E}.DebugGame Editor|HTML5.ActiveCfg = HTML5_DebugGame_Editor|Win32
		{425168EF-A2B5-4580-9C9C-000396D21E2E}.DebugGame Editor|Win32.ActiveCfg = DebugGame_Editor|Win32
		{425168EF-A2B5-4580-9C9C-000396D21E2E}.DebugGame Editor|Win64.ActiveCfg = DebugGame_Editor|x64
		{425168EF-A2B5-4580-9C9C-000396D21E2E}.DebugGame Editor|Win64.Build.0 = DebugGame_Editor|x64
		{425168EF-A2B5-4580-9C9C-000396D21E2E}.DebugGame|Android.ActiveCfg = Android_DebugGame_Game|Win32
		{425168EF-A2B5-4580-9C9C-000396D21E2E}.DebugGame|Android.Build.0 = Android_DebugGame_Game|Win32
		{425168EF-A2B5-4580-9C9C-000396D21E2E}.DebugGame|HTML5.ActiveCfg = HTML5_DebugGame_Game|Win32
		{425168EF-A2B5-4580-9C9C-000396D21E2E}.DebugGame|HTML5.Build.0 = HTML5_DebugGame_Game|Win32
		{425168EF-A2B5-4580-9C9C-000396D21E2E}.DebugGame|Win32.ActiveCfg = DebugGame_Game|Win32
		{425168EF-A2B5-4580-9C9C-000396D21E2E}.DebugGame|Win32.Build.0 = DebugGame_Game|Win32
		{425168EF-A2B5-4580-9C9C-000396D21E2E}.DebugGame|Win64.ActiveCfg = DebugGame_Game|x64
		{425168EF-A2B5-4580-9C9C-000396D21E2E}.DebugGame|Win64.Build.0 = DebugGame_Game|x64
		{425168EF-A2B5-4580-9C9C-000396D21E2E}.Development Editor|Android.ActiveCfg = Android_Development_Editor|Win32
		{425168EF-A2B5-4580-9C9C-000396D21E2E}.Development Editor|HTML5.ActiveCfg = HTML5_Development_Editor|Win32
		{425168EF-A2B5-4580-9C9C-000396D21E2E}.Development Editor|Win32.ActiveCfg = Development_Editor|Win32
		{425168EF-A2B5-4580-9C9C-000396D21E2E}.Development Editor|Win64.ActiveCfg = Development_Editor|x64
		{425168EF-A2B5-4580-9C9C-000396D21E2E}.Development Editor|Win64.Build.0 = Development_Editor|x64
		{425168EF-A2B5-4580-9C9C-000396D21E2E}.Development|Android.ActiveCfg = Android_Development_Game|Win32
		{425168EF-A2B5-4580-9C9C-000396D21E2E}.Development|Android.Build.0 = Android_Development_Game|Win32
		{425168EF-A2B5-4580-9C9C-000396D21E2E}.Development|HTML5.ActiveCfg = HTML5_Development_Game|Win32
		{425168EF-A2B5-4580-9C9C-000396D21E2E}.Development|HTML5.Build.0 = HTML5_Development_Game|Win32
		{425168EF-A2B5-4580-9C9C-000396D21E2E}.Development|Win32.ActiveCfg = Development_Game|Win32
		{425168EF-A2B5-4580-9C9C-000396D21E2E}.Development|Win32.Build.0 = Development_Game|Win32
		{425168EF-A2B5-4580-9C9C-000396D21E2E}.Development|Win64.ActiveCfg = Development_Game|x64
		{425168EF-A2B5-4580-9C9C-000396D21E2E}.Development|Win64.Build.0 = Development_Game|x64
		{425168EF-A2B5-4580-9C9C-000396D21E2E}.Shipping|Android.ActiveCfg = Android_Shipping_Game|Win32
		{425168EF-A2B5-4580-9C9C-000396D21E2E}.Shipping|Android.Build.0 = Android_Shipping_Game|Win32
		{425168EF-A2B5-4580-9C9C-000396D21E2E}.Shipping|HTML5.ActiveCfg = HTML5_Shipping_Game|Win32
		{425168EF-A2B5-4580-9C9C-000396D21E2E}.Shipping|HTML5.Build.0 = HTML5_Shipping_Game|Win32
		{425168EF-A2B5-4580-9C9C-000396D21E2E}.Shipping|Win32.ActiveCfg = Shipping_Game|Win32
		{425168EF-A2B5-4580-9C9C-000396D21E2E}.Shipping|Win32.Build.0 = Shipping_Game|Win32
		{425168EF-A2B5-4580-9C9C-000396D21E2E}.Shipping|Win64.ActiveCfg = Shipping_Game|x64
		{425168EF-A2B5-4580-9C9C-000396D21E2E}.Shipping|Win64.Build.0 = Shipping_Game|x64
	EndGlobalSection
	GlobalSection(SolutionProperties) = preSolution
		HideSolutionNode = FALSE
	EndGlobalSection
	GlobalSection(NestedProjects) = preSolution
		{44E4C832-CB92-4772-A297-D5FFEB66488C} = {C4591850-1782-4CAA-BCF0-EE6C83DADA0F}
		{425168EF-A2B5-4580-9C9C-000396D21E2E} = {26B4E6E4-1DE6-4E70-9213-DBDB2D4CCE3A}
	EndGlobalSection
	GlobalSection(ExtensibilityGlobals) = postSolution
		SolutionGuid = {E26C0D0C-5068-4968-B19A-E8659DB3FF7B}
	EndGlobalSection
EndGlobal
